[0m[32mSwitched to workspace "test-1".[0m
[0m[1mlocal_file.file: Refreshing state... [id=262e054bed8810f28cf73beb0fedeee88ef936f3][0m

Terraform used the selected providers to generate the following execution
plan. Resource actions are indicated with the following symbols:
[31m-[0m/[32m+[0m destroy and then create replacement[0m

Terraform will perform the following actions:

[1m  # local_file.file[0m must be [1m[31mreplaced[0m
[0m[31m-[0m/[32m+[0m[0m resource "local_file" "file" {
      [33m~[0m[0m content              = "first value" [33m->[0m[0m "changes" [31m# forces replacement[0m[0m
      [33m~[0m[0m content_base64sha256 = "zAxB4qF1ffgJ18nqxiyMv7NAnCuXSxgQiB2GV+EoTWQ=" -> (known after apply)
      [33m~[0m[0m content_base64sha512 = "Z2C8ryqrXxQbxkizBnN08YuDoWgWQ/xXCjdaNc0F3RKSYORy2AgYtakVO38BEMVk6PxMIOPW7o+u/Qw+UE3o7A==" -> (known after apply)
      [33m~[0m[0m content_md5          = "ddc0d03aa47b480cda54be54c4fa6cbc" -> (known after apply)
      [33m~[0m[0m content_sha1         = "262e054bed8810f28cf73beb0fedeee88ef936f3" -> (known after apply)
      [33m~[0m[0m content_sha256       = "cc0c41e2a1757df809d7c9eac62c8cbfb3409c2b974b1810881d8657e1284d64" -> (known after apply)
      [33m~[0m[0m content_sha512       = "6760bcaf2aab5f141bc648b3067374f18b83a1681643fc570a375a35cd05dd129260e472d80818b5a9153b7f0110c564e8fc4c20e3d6ee8faefd0c3e504de8ec" -> (known after apply)
      [33m~[0m[0m id                   = "262e054bed8810f28cf73beb0fedeee88ef936f3" -> (known after apply)
        [90m# (3 unchanged attributes hidden)[0m[0m
    }

[1mPlan:[0m 1 to add, 0 to change, 1 to destroy.
[0m
Changes to Outputs:
  [33m~[0m[0m output-1 = "cc0c41e2a1757df809d7c9eac62c8cbfb3409c2b974b1810881d8657e1284d64" -> (known after apply)
[0m[1mlocal_file.file: Destroying... [id=262e054bed8810f28cf73beb0fedeee88ef936f3][0m[0m
[0m[1mlocal_file.file: Destruction complete after 0s[0m
[0m[1mlocal_file.file: Creating...[0m[0m
[0m[1mlocal_file.file: Creation complete after 0s [id=49a04ba4469678c38e0f6a327f8702ea61d9e8a4][0m
[0m[1m[32m
Apply complete! Resources: 1 added, 0 changed, 1 destroyed.
[0m[0m[1m[32m
Outputs:

[0moutput-1 = "d0b4ba2311b3e84977dc4bb320fe72cd85426f5cf14b487a4c5352ae3ad8cb37"
[0m[32mSwitched to workspace "test-2".[0m
[33m╷[0m[0m
[33m│[0m [0m[1m[33mWarning: [0m[0m[1mValue for undeclared variable[0m
[33m│[0m [0m
[33m│[0m [0m[0mThe root module does not declare a variable named "input-2" but a value was
[33m│[0m [0mfound in file "envs/test-2.tfvars". If you meant to use this value, add a
[33m│[0m [0m"variable" block to the configuration.
[33m│[0m [0m
[33m│[0m [0mTo silence these warnings, use TF_VAR_... environment variables to provide
[33m│[0m [0mcertain "global" settings to all configurations in your organization. To
[33m│[0m [0mreduce the verbosity of these warnings, use the -compact-warnings option.
[33m╵[0m[0m
[31m╷[0m[0m
[31m│[0m [0m[1m[31mError: [0m[0m[1mNo value for required variable[0m
[31m│[0m [0m
[31m│[0m [0m[0m  on main.tf line 1:
[31m│[0m [0m   1: [4mvariable "input-1"[0m { type = string }[0m
[31m│[0m [0m
[31m│[0m [0mThe root module input variable "input-1" is not set, and has no default
[31m│[0m [0mvalue. Use a -var or -var-file command line argument to provide a value for
[31m│[0m [0mthis variable.
[31m╵[0m[0m
[0m[32mSwitched to workspace "test-3".[0m

Terraform used the selected providers to generate the following execution
plan. Resource actions are indicated with the following symbols:
  [32m+[0m create[0m

Terraform will perform the following actions:

[1m  # local_file.file[0m will be created
[0m  [32m+[0m[0m resource "local_file" "file" {
      [32m+[0m[0m content              = "test-3"
      [32m+[0m[0m content_base64sha256 = (known after apply)
      [32m+[0m[0m content_base64sha512 = (known after apply)
      [32m+[0m[0m content_md5          = (known after apply)
      [32m+[0m[0m content_sha1         = (known after apply)
      [32m+[0m[0m content_sha256       = (known after apply)
      [32m+[0m[0m content_sha512       = (known after apply)
      [32m+[0m[0m directory_permission = "0777"
      [32m+[0m[0m file_permission      = "0777"
      [32m+[0m[0m filename             = "out/test-3/content.txt"
      [32m+[0m[0m id                   = (known after apply)
    }

[1mPlan:[0m 1 to add, 0 to change, 0 to destroy.
[0m
Changes to Outputs:
  [32m+[0m[0m output-1 = (known after apply)
[0m[1mlocal_file.file: Creating...[0m[0m
[0m[1mlocal_file.file: Creation complete after 0s [id=3323d8a8f66a0602cc59372e866dd8e116dccdb2][0m
[0m[1m[32m
Apply complete! Resources: 1 added, 0 changed, 0 destroyed.
[0m[0m[1m[32m
Outputs:

[0moutput-1 = "2a8c9f051e91be1d0f801980a9e87f8495582668d966b633bfde5d8a93d0e049"
envs/test-3.tfvars : ok
envs/test-1.tfvars : ok
envs/test-2.tfvars : error
